// !$*UTF8*$!
{
	archiveVersion = 1;
	classes = {
	};
	objectVersion = 56;
	objects = {

/* Begin PBXBuildFile section */
		C307C4A42BDD611F00ED9348 /* TestData.swift in Sources */ = {isa = PBXBuildFile; fileRef = C307C4A32BDD611F00ED9348 /* TestData.swift */; };
		C30AF67F2BD10DC500F081E3 /* TripRowView.swift in Sources */ = {isa = PBXBuildFile; fileRef = C30AF67E2BD10DC500F081E3 /* TripRowView.swift */; };
		C30AF6812BD10DD800F081E3 /* TripDetailView.swift in Sources */ = {isa = PBXBuildFile; fileRef = C30AF6802BD10DD800F081E3 /* TripDetailView.swift */; };
		C30AF6832BD10E0400F081E3 /* AddTripView.swift in Sources */ = {isa = PBXBuildFile; fileRef = C30AF6822BD10E0400F081E3 /* AddTripView.swift */; };
		C33B23B92BCD526D00750F14 /* OnboardingItem.swift in Sources */ = {isa = PBXBuildFile; fileRef = C33B23B82BCD526D00750F14 /* OnboardingItem.swift */; };
		C33B23BB2BCD52AF00750F14 /* OnboardingItemTest.swift in Sources */ = {isa = PBXBuildFile; fileRef = C33B23BA2BCD52AF00750F14 /* OnboardingItemTest.swift */; };
		C33B23BD2BCD54C900750F14 /* Constants.swift in Sources */ = {isa = PBXBuildFile; fileRef = C33B23BC2BCD54C900750F14 /* Constants.swift */; };
		C33B23C02BCD552800750F14 /* OnboardingScreen.swift in Sources */ = {isa = PBXBuildFile; fileRef = C33B23BF2BCD552800750F14 /* OnboardingScreen.swift */; };
		C33B23C22BCD55B300750F14 /* OnboardingView.swift in Sources */ = {isa = PBXBuildFile; fileRef = C33B23C12BCD55B300750F14 /* OnboardingView.swift */; };
		C3405F242BCE652300D11D55 /* Launch Screen.storyboard in Resources */ = {isa = PBXBuildFile; fileRef = C3405F232BCE652300D11D55 /* Launch Screen.storyboard */; };
		C36006582BD2C4020026ACCF /* Money.swift in Sources */ = {isa = PBXBuildFile; fileRef = C36006572BD2C4020026ACCF /* Money.swift */; };
		C371BF692BD43BBB00E4CF4E /* MockContainer.swift in Sources */ = {isa = PBXBuildFile; fileRef = C371BF682BD43BBB00E4CF4E /* MockContainer.swift */; };
		C3B8DA0F2BD3EAC000440280 /* Transaction.swift in Sources */ = {isa = PBXBuildFile; fileRef = C3B8DA0E2BD3EAC000440280 /* Transaction.swift */; };
		C3C65CF12BC85ABD00B21711 /* SplitsVilleApp.swift in Sources */ = {isa = PBXBuildFile; fileRef = C3C65CF02BC85ABD00B21711 /* SplitsVilleApp.swift */; };
		C3C65CF32BC85ABD00B21711 /* ContentView.swift in Sources */ = {isa = PBXBuildFile; fileRef = C3C65CF22BC85ABD00B21711 /* ContentView.swift */; };
		C3C65CF52BC85ABF00B21711 /* Assets.xcassets in Resources */ = {isa = PBXBuildFile; fileRef = C3C65CF42BC85ABF00B21711 /* Assets.xcassets */; };
		C3C65CF82BC85ABF00B21711 /* Preview Assets.xcassets in Resources */ = {isa = PBXBuildFile; fileRef = C3C65CF72BC85ABF00B21711 /* Preview Assets.xcassets */; };
		C3C65D0C2BC85ABF00B21711 /* SplitsVilleUITests.swift in Sources */ = {isa = PBXBuildFile; fileRef = C3C65D0B2BC85ABF00B21711 /* SplitsVilleUITests.swift */; };
		C3C65D0E2BC85ABF00B21711 /* SplitsVilleUITestsLaunchTests.swift in Sources */ = {isa = PBXBuildFile; fileRef = C3C65D0D2BC85ABF00B21711 /* SplitsVilleUITestsLaunchTests.swift */; };
		C3EFF0DA2BD7BB9F00716E9F /* Currency.swift in Sources */ = {isa = PBXBuildFile; fileRef = C3EFF0D92BD7BB9F00716E9F /* Currency.swift */; };
		C3EFF0DF2BD7D89F00716E9F /* PreviewController.swift in Sources */ = {isa = PBXBuildFile; fileRef = C3EFF0DE2BD7D89F00716E9F /* PreviewController.swift */; };
		C3F0AA192BCFC6B600CC8AB2 /* FriendsListView.swift in Sources */ = {isa = PBXBuildFile; fileRef = C3F0AA182BCFC6B600CC8AB2 /* FriendsListView.swift */; };
		C3F0AA1B2BCFC6C400CC8AB2 /* TripsListView.swift in Sources */ = {isa = PBXBuildFile; fileRef = C3F0AA1A2BCFC6C400CC8AB2 /* TripsListView.swift */; };
		C3F0AA1F2BCFC6EB00CC8AB2 /* CurrencyView.swift in Sources */ = {isa = PBXBuildFile; fileRef = C3F0AA1E2BCFC6EB00CC8AB2 /* CurrencyView.swift */; };
		C3F0AA212BCFCB4400CC8AB2 /* TransactionsView.swift in Sources */ = {isa = PBXBuildFile; fileRef = C3F0AA202BCFCB4400CC8AB2 /* TransactionsView.swift */; };
		C3F0AA232BD01D2E00CC8AB2 /* Friend.swift in Sources */ = {isa = PBXBuildFile; fileRef = C3F0AA222BD01D2E00CC8AB2 /* Friend.swift */; };
		C3F0AA252BD020B700CC8AB2 /* InitialsAvatarView.swift in Sources */ = {isa = PBXBuildFile; fileRef = C3F0AA242BD020B700CC8AB2 /* InitialsAvatarView.swift */; };
		C3F0AA272BD0294B00CC8AB2 /* FriendsTests.swift in Sources */ = {isa = PBXBuildFile; fileRef = C3F0AA262BD0294B00CC8AB2 /* FriendsTests.swift */; };
		C3F0AA2F2BD0326700CC8AB2 /* AddFriendView.swift in Sources */ = {isa = PBXBuildFile; fileRef = C3F0AA2E2BD0326700CC8AB2 /* AddFriendView.swift */; };
		C3F0AA312BD035BD00CC8AB2 /* FriendDetailView.swift in Sources */ = {isa = PBXBuildFile; fileRef = C3F0AA302BD035BD00CC8AB2 /* FriendDetailView.swift */; };
		C3F0AA332BD03D3E00CC8AB2 /* FriendRowView.swift in Sources */ = {isa = PBXBuildFile; fileRef = C3F0AA322BD03D3E00CC8AB2 /* FriendRowView.swift */; };
		C3F0AA352BD03F8700CC8AB2 /* Trip.swift in Sources */ = {isa = PBXBuildFile; fileRef = C3F0AA342BD03F8600CC8AB2 /* Trip.swift */; };
		C3F0AA3A2BD0409D00CC8AB2 /* TripTest.swift in Sources */ = {isa = PBXBuildFile; fileRef = C3F0AA392BD0409D00CC8AB2 /* TripTest.swift */; };
/* End PBXBuildFile section */

/* Begin PBXContainerItemProxy section */
		C3C65CFE2BC85ABF00B21711 /* PBXContainerItemProxy */ = {
			isa = PBXContainerItemProxy;
			containerPortal = C3C65CE52BC85ABD00B21711 /* Project object */;
			proxyType = 1;
			remoteGlobalIDString = C3C65CEC2BC85ABD00B21711;
			remoteInfo = SplitsVille;
		};
		C3C65D082BC85ABF00B21711 /* PBXContainerItemProxy */ = {
			isa = PBXContainerItemProxy;
			containerPortal = C3C65CE52BC85ABD00B21711 /* Project object */;
			proxyType = 1;
			remoteGlobalIDString = C3C65CEC2BC85ABD00B21711;
			remoteInfo = SplitsVille;
		};
/* End PBXContainerItemProxy section */

/* Begin PBXFileReference section */
		C307C4A32BDD611F00ED9348 /* TestData.swift */ = {isa = PBXFileReference; lastKnownFileType = sourcecode.swift; path = TestData.swift; sourceTree = "<group>"; };
		C30AF67E2BD10DC500F081E3 /* TripRowView.swift */ = {isa = PBXFileReference; lastKnownFileType = sourcecode.swift; path = TripRowView.swift; sourceTree = "<group>"; };
		C30AF6802BD10DD800F081E3 /* TripDetailView.swift */ = {isa = PBXFileReference; lastKnownFileType = sourcecode.swift; path = TripDetailView.swift; sourceTree = "<group>"; };
		C30AF6822BD10E0400F081E3 /* AddTripView.swift */ = {isa = PBXFileReference; lastKnownFileType = sourcecode.swift; path = AddTripView.swift; sourceTree = "<group>"; };
		C33B23B82BCD526D00750F14 /* OnboardingItem.swift */ = {isa = PBXFileReference; lastKnownFileType = sourcecode.swift; path = OnboardingItem.swift; sourceTree = "<group>"; };
		C33B23BA2BCD52AF00750F14 /* OnboardingItemTest.swift */ = {isa = PBXFileReference; lastKnownFileType = sourcecode.swift; path = OnboardingItemTest.swift; sourceTree = "<group>"; };
		C33B23BC2BCD54C900750F14 /* Constants.swift */ = {isa = PBXFileReference; lastKnownFileType = sourcecode.swift; path = Constants.swift; sourceTree = "<group>"; };
		C33B23BF2BCD552800750F14 /* OnboardingScreen.swift */ = {isa = PBXFileReference; lastKnownFileType = sourcecode.swift; path = OnboardingScreen.swift; sourceTree = "<group>"; };
		C33B23C12BCD55B300750F14 /* OnboardingView.swift */ = {isa = PBXFileReference; lastKnownFileType = sourcecode.swift; path = OnboardingView.swift; sourceTree = "<group>"; };
		C3405F232BCE652300D11D55 /* Launch Screen.storyboard */ = {isa = PBXFileReference; lastKnownFileType = file.storyboard; path = "Launch Screen.storyboard"; sourceTree = "<group>"; };
		C36006572BD2C4020026ACCF /* Money.swift */ = {isa = PBXFileReference; lastKnownFileType = sourcecode.swift; path = Money.swift; sourceTree = "<group>"; };
		C371BF682BD43BBB00E4CF4E /* MockContainer.swift */ = {isa = PBXFileReference; lastKnownFileType = sourcecode.swift; path = MockContainer.swift; sourceTree = "<group>"; };
		C3B8DA0E2BD3EAC000440280 /* Transaction.swift */ = {isa = PBXFileReference; lastKnownFileType = sourcecode.swift; path = Transaction.swift; sourceTree = "<group>"; };
		C3C65CED2BC85ABD00B21711 /* SplitsVille.app */ = {isa = PBXFileReference; explicitFileType = wrapper.application; includeInIndex = 0; path = SplitsVille.app; sourceTree = BUILT_PRODUCTS_DIR; };
		C3C65CF02BC85ABD00B21711 /* SplitsVilleApp.swift */ = {isa = PBXFileReference; lastKnownFileType = sourcecode.swift; path = SplitsVilleApp.swift; sourceTree = "<group>"; };
		C3C65CF22BC85ABD00B21711 /* ContentView.swift */ = {isa = PBXFileReference; lastKnownFileType = sourcecode.swift; path = ContentView.swift; sourceTree = "<group>"; };
		C3C65CF42BC85ABF00B21711 /* Assets.xcassets */ = {isa = PBXFileReference; lastKnownFileType = folder.assetcatalog; path = Assets.xcassets; sourceTree = "<group>"; };
		C3C65CF72BC85ABF00B21711 /* Preview Assets.xcassets */ = {isa = PBXFileReference; lastKnownFileType = folder.assetcatalog; path = "Preview Assets.xcassets"; sourceTree = "<group>"; };
		C3C65CFD2BC85ABF00B21711 /* SplitsVilleTests.xctest */ = {isa = PBXFileReference; explicitFileType = wrapper.cfbundle; includeInIndex = 0; path = SplitsVilleTests.xctest; sourceTree = BUILT_PRODUCTS_DIR; };
		C3C65D072BC85ABF00B21711 /* SplitsVilleUITests.xctest */ = {isa = PBXFileReference; explicitFileType = wrapper.cfbundle; includeInIndex = 0; path = SplitsVilleUITests.xctest; sourceTree = BUILT_PRODUCTS_DIR; };
		C3C65D0B2BC85ABF00B21711 /* SplitsVilleUITests.swift */ = {isa = PBXFileReference; lastKnownFileType = sourcecode.swift; path = SplitsVilleUITests.swift; sourceTree = "<group>"; };
		C3C65D0D2BC85ABF00B21711 /* SplitsVilleUITestsLaunchTests.swift */ = {isa = PBXFileReference; lastKnownFileType = sourcecode.swift; path = SplitsVilleUITestsLaunchTests.swift; sourceTree = "<group>"; };
		C3C65D1D2BCAD5D600B21711 /* README.md */ = {isa = PBXFileReference; lastKnownFileType = net.daringfireball.markdown; path = README.md; sourceTree = "<group>"; };
		C3EFF0D82BD6A29700716E9F /* SplitsVille.xctestplan */ = {isa = PBXFileReference; lastKnownFileType = text; path = SplitsVille.xctestplan; sourceTree = "<group>"; };
		C3EFF0D92BD7BB9F00716E9F /* Currency.swift */ = {isa = PBXFileReference; lastKnownFileType = sourcecode.swift; path = Currency.swift; sourceTree = "<group>"; };
		C3EFF0DE2BD7D89F00716E9F /* PreviewController.swift */ = {isa = PBXFileReference; lastKnownFileType = sourcecode.swift; path = PreviewController.swift; sourceTree = "<group>"; };
		C3F0AA182BCFC6B600CC8AB2 /* FriendsListView.swift */ = {isa = PBXFileReference; lastKnownFileType = sourcecode.swift; path = FriendsListView.swift; sourceTree = "<group>"; };
		C3F0AA1A2BCFC6C400CC8AB2 /* TripsListView.swift */ = {isa = PBXFileReference; lastKnownFileType = sourcecode.swift; path = TripsListView.swift; sourceTree = "<group>"; };
		C3F0AA1E2BCFC6EB00CC8AB2 /* CurrencyView.swift */ = {isa = PBXFileReference; lastKnownFileType = sourcecode.swift; path = CurrencyView.swift; sourceTree = "<group>"; };
		C3F0AA202BCFCB4400CC8AB2 /* TransactionsView.swift */ = {isa = PBXFileReference; lastKnownFileType = sourcecode.swift; path = TransactionsView.swift; sourceTree = "<group>"; };
		C3F0AA222BD01D2E00CC8AB2 /* Friend.swift */ = {isa = PBXFileReference; lastKnownFileType = sourcecode.swift; path = Friend.swift; sourceTree = "<group>"; };
		C3F0AA242BD020B700CC8AB2 /* InitialsAvatarView.swift */ = {isa = PBXFileReference; lastKnownFileType = sourcecode.swift; path = InitialsAvatarView.swift; sourceTree = "<group>"; };
		C3F0AA262BD0294B00CC8AB2 /* FriendsTests.swift */ = {isa = PBXFileReference; lastKnownFileType = sourcecode.swift; path = FriendsTests.swift; sourceTree = "<group>"; };
		C3F0AA2E2BD0326700CC8AB2 /* AddFriendView.swift */ = {isa = PBXFileReference; lastKnownFileType = sourcecode.swift; path = AddFriendView.swift; sourceTree = "<group>"; };
		C3F0AA302BD035BD00CC8AB2 /* FriendDetailView.swift */ = {isa = PBXFileReference; lastKnownFileType = sourcecode.swift; path = FriendDetailView.swift; sourceTree = "<group>"; };
		C3F0AA322BD03D3E00CC8AB2 /* FriendRowView.swift */ = {isa = PBXFileReference; lastKnownFileType = sourcecode.swift; path = FriendRowView.swift; sourceTree = "<group>"; };
		C3F0AA342BD03F8600CC8AB2 /* Trip.swift */ = {isa = PBXFileReference; lastKnownFileType = sourcecode.swift; path = Trip.swift; sourceTree = "<group>"; };
		C3F0AA392BD0409D00CC8AB2 /* TripTest.swift */ = {isa = PBXFileReference; lastKnownFileType = sourcecode.swift; path = TripTest.swift; sourceTree = "<group>"; };
/* End PBXFileReference section */

/* Begin PBXFrameworksBuildPhase section */
		C3C65CEA2BC85ABD00B21711 /* Frameworks */ = {
			isa = PBXFrameworksBuildPhase;
			buildActionMask = 2147483647;
			files = (
			);
			runOnlyForDeploymentPostprocessing = 0;
		};
		C3C65CFA2BC85ABF00B21711 /* Frameworks */ = {
			isa = PBXFrameworksBuildPhase;
			buildActionMask = 2147483647;
			files = (
			);
			runOnlyForDeploymentPostprocessing = 0;
		};
		C3C65D042BC85ABF00B21711 /* Frameworks */ = {
			isa = PBXFrameworksBuildPhase;
			buildActionMask = 2147483647;
			files = (
			);
			runOnlyForDeploymentPostprocessing = 0;
		};
/* End PBXFrameworksBuildPhase section */

/* Begin PBXGroup section */
		C30AF67D2BD10D1A00F081E3 /* Trips */ = {
			isa = PBXGroup;
			children = (
				C30AF6802BD10DD800F081E3 /* TripDetailView.swift */,
				C30AF67E2BD10DC500F081E3 /* TripRowView.swift */,
				C3F0AA1A2BCFC6C400CC8AB2 /* TripsListView.swift */,
				C30AF6822BD10E0400F081E3 /* AddTripView.swift */,
			);
			path = Trips;
			sourceTree = "<group>";
		};
		C33B23B62BCD523800750F14 /* Model */ = {
			isa = PBXGroup;
			children = (
				C3B8DA0D2BD3EAAB00440280 /* Transactions */,
				C3F0AA362BD03F9700CC8AB2 /* Trips */,
				C3F0AA292BD02F5100CC8AB2 /* Friend */,
				C33B23B72BCD524600750F14 /* Onboarding */,
				C36006572BD2C4020026ACCF /* Money.swift */,
				C3EFF0D92BD7BB9F00716E9F /* Currency.swift */,
			);
			path = Model;
			sourceTree = "<group>";
		};
		C33B23B72BCD524600750F14 /* Onboarding */ = {
			isa = PBXGroup;
			children = (
				C33B23B82BCD526D00750F14 /* OnboardingItem.swift */,
			);
			path = Onboarding;
			sourceTree = "<group>";
		};
		C33B23BE2BCD550C00750F14 /* Onboarding */ = {
			isa = PBXGroup;
			children = (
				C33B23BF2BCD552800750F14 /* OnboardingScreen.swift */,
				C33B23C12BCD55B300750F14 /* OnboardingView.swift */,
			);
			path = Onboarding;
			sourceTree = "<group>";
		};
		C3B8DA0D2BD3EAAB00440280 /* Transactions */ = {
			isa = PBXGroup;
			children = (
				C3B8DA0E2BD3EAC000440280 /* Transaction.swift */,
			);
			path = Transactions;
			sourceTree = "<group>";
		};
		C3C65CE42BC85ABD00B21711 = {
			isa = PBXGroup;
			children = (
				C3EFF0D82BD6A29700716E9F /* SplitsVille.xctestplan */,
				C3C65D1D2BCAD5D600B21711 /* README.md */,
				C3C65CEF2BC85ABD00B21711 /* SplitsVille */,
				C3C65D002BC85ABF00B21711 /* SplitsVilleTests */,
				C3C65D0A2BC85ABF00B21711 /* SplitsVilleUITests */,
				C3C65CEE2BC85ABD00B21711 /* Products */,
			);
			sourceTree = "<group>";
		};
		C3C65CEE2BC85ABD00B21711 /* Products */ = {
			isa = PBXGroup;
			children = (
				C3C65CED2BC85ABD00B21711 /* SplitsVille.app */,
				C3C65CFD2BC85ABF00B21711 /* SplitsVilleTests.xctest */,
				C3C65D072BC85ABF00B21711 /* SplitsVilleUITests.xctest */,
			);
			name = Products;
			sourceTree = "<group>";
		};
		C3C65CEF2BC85ABD00B21711 /* SplitsVille */ = {
			isa = PBXGroup;
			children = (
				C33B23B62BCD523800750F14 /* Model */,
				C3C65D202BCADF3A00B21711 /* Views */,
				C3C65CF02BC85ABD00B21711 /* SplitsVilleApp.swift */,
				C3C65CF42BC85ABF00B21711 /* Assets.xcassets */,
				C3C65CF62BC85ABF00B21711 /* Preview Content */,
				C33B23BC2BCD54C900750F14 /* Constants.swift */,
				C3405F232BCE652300D11D55 /* Launch Screen.storyboard */,
			);
			path = SplitsVille;
			sourceTree = "<group>";
		};
		C3C65CF62BC85ABF00B21711 /* Preview Content */ = {
			isa = PBXGroup;
			children = (
				C3C65CF72BC85ABF00B21711 /* Preview Assets.xcassets */,
			);
			path = "Preview Content";
			sourceTree = "<group>";
		};
		C3C65D002BC85ABF00B21711 /* SplitsVilleTests */ = {
			isa = PBXGroup;
			children = (
				C33B23BA2BCD52AF00750F14 /* OnboardingItemTest.swift */,
				C3F0AA262BD0294B00CC8AB2 /* FriendsTests.swift */,
				C3F0AA392BD0409D00CC8AB2 /* TripTest.swift */,
				C371BF682BD43BBB00E4CF4E /* MockContainer.swift */,
				C307C4A32BDD611F00ED9348 /* TestData.swift */,
			);
			path = SplitsVilleTests;
			sourceTree = "<group>";
		};
		C3C65D0A2BC85ABF00B21711 /* SplitsVilleUITests */ = {
			isa = PBXGroup;
			children = (
				C3C65D0B2BC85ABF00B21711 /* SplitsVilleUITests.swift */,
				C3C65D0D2BC85ABF00B21711 /* SplitsVilleUITestsLaunchTests.swift */,
			);
			path = SplitsVilleUITests;
			sourceTree = "<group>";
		};
		C3C65D202BCADF3A00B21711 /* Views */ = {
			isa = PBXGroup;
			children = (
				C3EFF0DD2BD7C70D00716E9F /* Balances */,
				C3EFF0DC2BD7C70300716E9F /* Transactions */,
				C3EFF0DB2BD7C6F700716E9F /* Currency */,
				C30AF67D2BD10D1A00F081E3 /* Trips */,
				C3F0AA282BD02D7F00CC8AB2 /* Friend */,
				C3F0AA1E2BCFC6EB00CC8AB2 /* CurrencyView.swift */,
				C33B23BE2BCD550C00750F14 /* Onboarding */,
				C3C65CF22BC85ABD00B21711 /* ContentView.swift */,
				C3F0AA202BCFCB4400CC8AB2 /* TransactionsView.swift */,
				C3EFF0DE2BD7D89F00716E9F /* PreviewController.swift */,
			);
			path = Views;
			sourceTree = "<group>";
		};
		C3EFF0DB2BD7C6F700716E9F /* Currency */ = {
			isa = PBXGroup;
			children = (
			);
			path = Currency;
			sourceTree = "<group>";
		};
		C3EFF0DC2BD7C70300716E9F /* Transactions */ = {
			isa = PBXGroup;
			children = (
			);
			path = Transactions;
			sourceTree = "<group>";
		};
		C3EFF0DD2BD7C70D00716E9F /* Balances */ = {
			isa = PBXGroup;
			children = (
			);
			path = Balances;
			sourceTree = "<group>";
		};
		C3F0AA282BD02D7F00CC8AB2 /* Friend */ = {
			isa = PBXGroup;
			children = (
				C3F0AA2E2BD0326700CC8AB2 /* AddFriendView.swift */,
				C3F0AA242BD020B700CC8AB2 /* InitialsAvatarView.swift */,
				C3F0AA182BCFC6B600CC8AB2 /* FriendsListView.swift */,
				C3F0AA302BD035BD00CC8AB2 /* FriendDetailView.swift */,
				C3F0AA322BD03D3E00CC8AB2 /* FriendRowView.swift */,
			);
			path = Friend;
			sourceTree = "<group>";
		};
		C3F0AA292BD02F5100CC8AB2 /* Friend */ = {
			isa = PBXGroup;
			children = (
				C3F0AA222BD01D2E00CC8AB2 /* Friend.swift */,
			);
			path = Friend;
			sourceTree = "<group>";
		};
		C3F0AA362BD03F9700CC8AB2 /* Trips */ = {
			isa = PBXGroup;
			children = (
				C3F0AA342BD03F8600CC8AB2 /* Trip.swift */,
			);
			path = Trips;
			sourceTree = "<group>";
		};
/* End PBXGroup section */

/* Begin PBXNativeTarget section */
		C3C65CEC2BC85ABD00B21711 /* SplitsVille */ = {
			isa = PBXNativeTarget;
			buildConfigurationList = C3C65D112BC85ABF00B21711 /* Build configuration list for PBXNativeTarget "SplitsVille" */;
			buildPhases = (
				C3C65CE92BC85ABD00B21711 /* Sources */,
				C3C65CEA2BC85ABD00B21711 /* Frameworks */,
				C3C65CEB2BC85ABD00B21711 /* Resources */,
			);
			buildRules = (
			);
			dependencies = (
			);
			name = SplitsVille;
			productName = SplitsVille;
			productReference = C3C65CED2BC85ABD00B21711 /* SplitsVille.app */;
			productType = "com.apple.product-type.application";
		};
		C3C65CFC2BC85ABF00B21711 /* SplitsVilleTests */ = {
			isa = PBXNativeTarget;
			buildConfigurationList = C3C65D142BC85ABF00B21711 /* Build configuration list for PBXNativeTarget "SplitsVilleTests" */;
			buildPhases = (
				C3C65CF92BC85ABF00B21711 /* Sources */,
				C3C65CFA2BC85ABF00B21711 /* Frameworks */,
				C3C65CFB2BC85ABF00B21711 /* Resources */,
			);
			buildRules = (
			);
			dependencies = (
				C3C65CFF2BC85ABF00B21711 /* PBXTargetDependency */,
			);
			name = SplitsVilleTests;
			productName = SplitsVilleTests;
			productReference = C3C65CFD2BC85ABF00B21711 /* SplitsVilleTests.xctest */;
			productType = "com.apple.product-type.bundle.unit-test";
		};
		C3C65D062BC85ABF00B21711 /* SplitsVilleUITests */ = {
			isa = PBXNativeTarget;
			buildConfigurationList = C3C65D172BC85ABF00B21711 /* Build configuration list for PBXNativeTarget "SplitsVilleUITests" */;
			buildPhases = (
				C3C65D032BC85ABF00B21711 /* Sources */,
				C3C65D042BC85ABF00B21711 /* Frameworks */,
				C3C65D052BC85ABF00B21711 /* Resources */,
			);
			buildRules = (
			);
			dependencies = (
				C3C65D092BC85ABF00B21711 /* PBXTargetDependency */,
			);
			name = SplitsVilleUITests;
			productName = SplitsVilleUITests;
			productReference = C3C65D072BC85ABF00B21711 /* SplitsVilleUITests.xctest */;
			productType = "com.apple.product-type.bundle.ui-testing";
		};
/* End PBXNativeTarget section */

/* Begin PBXProject section */
		C3C65CE52BC85ABD00B21711 /* Project object */ = {
			isa = PBXProject;
			attributes = {
				BuildIndependentTargetsInParallel = 1;
				LastSwiftUpdateCheck = 1530;
				LastUpgradeCheck = 1530;
				TargetAttributes = {
					C3C65CEC2BC85ABD00B21711 = {
						CreatedOnToolsVersion = 15.3;
					};
					C3C65CFC2BC85ABF00B21711 = {
						CreatedOnToolsVersion = 15.3;
						TestTargetID = C3C65CEC2BC85ABD00B21711;
					};
					C3C65D062BC85ABF00B21711 = {
						CreatedOnToolsVersion = 15.3;
						TestTargetID = C3C65CEC2BC85ABD00B21711;
					};
				};
			};
			buildConfigurationList = C3C65CE82BC85ABD00B21711 /* Build configuration list for PBXProject "SplitsVille" */;
			compatibilityVersion = "Xcode 14.0";
			developmentRegion = en;
			hasScannedForEncodings = 0;
			knownRegions = (
				en,
				Base,
			);
			mainGroup = C3C65CE42BC85ABD00B21711;
			productRefGroup = C3C65CEE2BC85ABD00B21711 /* Products */;
			projectDirPath = "";
			projectRoot = "";
			targets = (
				C3C65CEC2BC85ABD00B21711 /* SplitsVille */,
				C3C65CFC2BC85ABF00B21711 /* SplitsVilleTests */,
				C3C65D062BC85ABF00B21711 /* SplitsVilleUITests */,
			);
		};
/* End PBXProject section */

/* Begin PBXResourcesBuildPhase section */
		C3C65CEB2BC85ABD00B21711 /* Resources */ = {
			isa = PBXResourcesBuildPhase;
			buildActionMask = 2147483647;
			files = (
				C3405F242BCE652300D11D55 /* Launch Screen.storyboard in Resources */,
				C3C65CF82BC85ABF00B21711 /* Preview Assets.xcassets in Resources */,
				C3C65CF52BC85ABF00B21711 /* Assets.xcassets in Resources */,
			);
			runOnlyForDeploymentPostprocessing = 0;
		};
		C3C65CFB2BC85ABF00B21711 /* Resources */ = {
			isa = PBXResourcesBuildPhase;
			buildActionMask = 2147483647;
			files = (
			);
			runOnlyForDeploymentPostprocessing = 0;
		};
		C3C65D052BC85ABF00B21711 /* Resources */ = {
			isa = PBXResourcesBuildPhase;
			buildActionMask = 2147483647;
			files = (
			);
			runOnlyForDeploymentPostprocessing = 0;
		};
/* End PBXResourcesBuildPhase section */

/* Begin PBXSourcesBuildPhase section */
		C3C65CE92BC85ABD00B21711 /* Sources */ = {
			isa = PBXSourcesBuildPhase;
			buildActionMask = 2147483647;
			files = (
				C30AF6812BD10DD800F081E3 /* TripDetailView.swift in Sources */,
				C3F0AA1F2BCFC6EB00CC8AB2 /* CurrencyView.swift in Sources */,
				C3F0AA252BD020B700CC8AB2 /* InitialsAvatarView.swift in Sources */,
				C3F0AA2F2BD0326700CC8AB2 /* AddFriendView.swift in Sources */,
				C3C65CF32BC85ABD00B21711 /* ContentView.swift in Sources */,
				C33B23B92BCD526D00750F14 /* OnboardingItem.swift in Sources */,
				C3EFF0DA2BD7BB9F00716E9F /* Currency.swift in Sources */,
				C36006582BD2C4020026ACCF /* Money.swift in Sources */,
				C33B23C02BCD552800750F14 /* OnboardingScreen.swift in Sources */,
				C3C65CF12BC85ABD00B21711 /* SplitsVilleApp.swift in Sources */,
				C3F0AA212BCFCB4400CC8AB2 /* TransactionsView.swift in Sources */,
				C33B23C22BCD55B300750F14 /* OnboardingView.swift in Sources */,
				C30AF67F2BD10DC500F081E3 /* TripRowView.swift in Sources */,
				C3F0AA192BCFC6B600CC8AB2 /* FriendsListView.swift in Sources */,
				C33B23BD2BCD54C900750F14 /* Constants.swift in Sources */,
				C3B8DA0F2BD3EAC000440280 /* Transaction.swift in Sources */,
				C3F0AA1B2BCFC6C400CC8AB2 /* TripsListView.swift in Sources */,
				C3F0AA312BD035BD00CC8AB2 /* FriendDetailView.swift in Sources */,
				C30AF6832BD10E0400F081E3 /* AddTripView.swift in Sources */,
				C3F0AA332BD03D3E00CC8AB2 /* FriendRowView.swift in Sources */,
				C3EFF0DF2BD7D89F00716E9F /* PreviewController.swift in Sources */,
				C3F0AA352BD03F8700CC8AB2 /* Trip.swift in Sources */,
				C3F0AA232BD01D2E00CC8AB2 /* Friend.swift in Sources */,
			);
			runOnlyForDeploymentPostprocessing = 0;
		};
		C3C65CF92BC85ABF00B21711 /* Sources */ = {
			isa = PBXSourcesBuildPhase;
			buildActionMask = 2147483647;
			files = (
				C3F0AA3A2BD0409D00CC8AB2 /* TripTest.swift in Sources */,
				C3F0AA272BD0294B00CC8AB2 /* FriendsTests.swift in Sources */,
				C307C4A42BDD611F00ED9348 /* TestData.swift in Sources */,
				C371BF692BD43BBB00E4CF4E /* MockContainer.swift in Sources */,
				C33B23BB2BCD52AF00750F14 /* OnboardingItemTest.swift in Sources */,
			);
			runOnlyForDeploymentPostprocessing = 0;
		};
		C3C65D032BC85ABF00B21711 /* Sources */ = {
			isa = PBXSourcesBuildPhase;
			buildActionMask = 2147483647;
			files = (
				C3C65D0E2BC85ABF00B21711 /* SplitsVilleUITestsLaunchTests.swift in Sources */,
				C3C65D0C2BC85ABF00B21711 /* SplitsVilleUITests.swift in Sources */,
			);
			runOnlyForDeploymentPostprocessing = 0;
		};
/* End PBXSourcesBuildPhase section */

/* Begin PBXTargetDependency section */
		C3C65CFF2BC85ABF00B21711 /* PBXTargetDependency */ = {
			isa = PBXTargetDependency;
			target = C3C65CEC2BC85ABD00B21711 /* SplitsVille */;
			targetProxy = C3C65CFE2BC85ABF00B21711 /* PBXContainerItemProxy */;
		};
		C3C65D092BC85ABF00B21711 /* PBXTargetDependency */ = {
			isa = PBXTargetDependency;
			target = C3C65CEC2BC85ABD00B21711 /* SplitsVille */;
			targetProxy = C3C65D082BC85ABF00B21711 /* PBXContainerItemProxy */;
		};
/* End PBXTargetDependency section */

/* Begin XCBuildConfiguration section */
		C3C65D0F2BC85ABF00B21711 /* Debug */ = {
			isa = XCBuildConfiguration;
			buildSettings = {
				ALWAYS_SEARCH_USER_PATHS = NO;
				ASSETCATALOG_COMPILER_GENERATE_SWIFT_ASSET_SYMBOL_EXTENSIONS = YES;
				CLANG_ANALYZER_NONNULL = YES;
				CLANG_ANALYZER_NUMBER_OBJECT_CONVERSION = YES_AGGRESSIVE;
				CLANG_CXX_LANGUAGE_STANDARD = "gnu++20";
				CLANG_ENABLE_MODULES = YES;
				CLANG_ENABLE_OBJC_ARC = YES;
				CLANG_ENABLE_OBJC_WEAK = YES;
				CLANG_WARN_BLOCK_CAPTURE_AUTORELEASING = YES;
				CLANG_WARN_BOOL_CONVERSION = YES;
				CLANG_WARN_COMMA = YES;
				CLANG_WARN_CONSTANT_CONVERSION = YES;
				CLANG_WARN_DEPRECATED_OBJC_IMPLEMENTATIONS = YES;
				CLANG_WARN_DIRECT_OBJC_ISA_USAGE = YES_ERROR;
				CLANG_WARN_DOCUMENTATION_COMMENTS = YES;
				CLANG_WARN_EMPTY_BODY = YES;
				CLANG_WARN_ENUM_CONVERSION = YES;
				CLANG_WARN_INFINITE_RECURSION = YES;
				CLANG_WARN_INT_CONVERSION = YES;
				CLANG_WARN_NON_LITERAL_NULL_CONVERSION = YES;
				CLANG_WARN_OBJC_IMPLICIT_RETAIN_SELF = YES;
				CLANG_WARN_OBJC_LITERAL_CONVERSION = YES;
				CLANG_WARN_OBJC_ROOT_CLASS = YES_ERROR;
				CLANG_WARN_QUOTED_INCLUDE_IN_FRAMEWORK_HEADER = YES;
				CLANG_WARN_RANGE_LOOP_ANALYSIS = YES;
				CLANG_WARN_STRICT_PROTOTYPES = YES;
				CLANG_WARN_SUSPICIOUS_MOVE = YES;
				CLANG_WARN_UNGUARDED_AVAILABILITY = YES_AGGRESSIVE;
				CLANG_WARN_UNREACHABLE_CODE = YES;
				CLANG_WARN__DUPLICATE_METHOD_MATCH = YES;
				COPY_PHASE_STRIP = NO;
				DEBUG_INFORMATION_FORMAT = dwarf;
				ENABLE_STRICT_OBJC_MSGSEND = YES;
				ENABLE_TESTABILITY = YES;
				ENABLE_USER_SCRIPT_SANDBOXING = YES;
				GCC_C_LANGUAGE_STANDARD = gnu17;
				GCC_DYNAMIC_NO_PIC = NO;
				GCC_NO_COMMON_BLOCKS = YES;
				GCC_OPTIMIZATION_LEVEL = 0;
				GCC_PREPROCESSOR_DEFINITIONS = (
					"DEBUG=1",
					"$(inherited)",
				);
				GCC_WARN_64_TO_32_BIT_CONVERSION = YES;
				GCC_WARN_ABOUT_RETURN_TYPE = YES_ERROR;
				GCC_WARN_UNDECLARED_SELECTOR = YES;
				GCC_WARN_UNINITIALIZED_AUTOS = YES_AGGRESSIVE;
				GCC_WARN_UNUSED_FUNCTION = YES;
				GCC_WARN_UNUSED_VARIABLE = YES;
				IPHONEOS_DEPLOYMENT_TARGET = 17.4;
				LOCALIZATION_PREFERS_STRING_CATALOGS = YES;
				MTL_ENABLE_DEBUG_INFO = INCLUDE_SOURCE;
				MTL_FAST_MATH = YES;
				ONLY_ACTIVE_ARCH = YES;
				SDKROOT = iphoneos;
				SWIFT_ACTIVE_COMPILATION_CONDITIONS = "DEBUG $(inherited)";
				SWIFT_OPTIMIZATION_LEVEL = "-Onone";
			};
			name = Debug;
		};
		C3C65D102BC85ABF00B21711 /* Release */ = {
			isa = XCBuildConfiguration;
			buildSettings = {
				ALWAYS_SEARCH_USER_PATHS = NO;
				ASSETCATALOG_COMPILER_GENERATE_SWIFT_ASSET_SYMBOL_EXTENSIONS = YES;
				CLANG_ANALYZER_NONNULL = YES;
				CLANG_ANALYZER_NUMBER_OBJECT_CONVERSION = YES_AGGRESSIVE;
				CLANG_CXX_LANGUAGE_STANDARD = "gnu++20";
				CLANG_ENABLE_MODULES = YES;
				CLANG_ENABLE_OBJC_ARC = YES;
				CLANG_ENABLE_OBJC_WEAK = YES;
				CLANG_WARN_BLOCK_CAPTURE_AUTORELEASING = YES;
				CLANG_WARN_BOOL_CONVERSION = YES;
				CLANG_WARN_COMMA = YES;
				CLANG_WARN_CONSTANT_CONVERSION = YES;
				CLANG_WARN_DEPRECATED_OBJC_IMPLEMENTATIONS = YES;
				CLANG_WARN_DIRECT_OBJC_ISA_USAGE = YES_ERROR;
				CLANG_WARN_DOCUMENTATION_COMMENTS = YES;
				CLANG_WARN_EMPTY_BODY = YES;
				CLANG_WARN_ENUM_CONVERSION = YES;
				CLANG_WARN_INFINITE_RECURSION = YES;
				CLANG_WARN_INT_CONVERSION = YES;
				CLANG_WARN_NON_LITERAL_NULL_CONVERSION = YES;
				CLANG_WARN_OBJC_IMPLICIT_RETAIN_SELF = YES;
				CLANG_WARN_OBJC_LITERAL_CONVERSION = YES;
				CLANG_WARN_OBJC_ROOT_CLASS = YES_ERROR;
				CLANG_WARN_QUOTED_INCLUDE_IN_FRAMEWORK_HEADER = YES;
				CLANG_WARN_RANGE_LOOP_ANALYSIS = YES;
				CLANG_WARN_STRICT_PROTOTYPES = YES;
				CLANG_WARN_SUSPICIOUS_MOVE = YES;
				CLANG_WARN_UNGUARDED_AVAILABILITY = YES_AGGRESSIVE;
				CLANG_WARN_UNREACHABLE_CODE = YES;
				CLANG_WARN__DUPLICATE_METHOD_MATCH = YES;
				COPY_PHASE_STRIP = NO;
				DEBUG_INFORMATION_FORMAT = "dwarf-with-dsym";
				ENABLE_NS_ASSERTIONS = NO;
				ENABLE_STRICT_OBJC_MSGSEND = YES;
				ENABLE_USER_SCRIPT_SANDBOXING = YES;
				GCC_C_LANGUAGE_STANDARD = gnu17;
				GCC_NO_COMMON_BLOCKS = YES;
				GCC_WARN_64_TO_32_BIT_CONVERSION = YES;
				GCC_WARN_ABOUT_RETURN_TYPE = YES_ERROR;
				GCC_WARN_UNDECLARED_SELECTOR = YES;
				GCC_WARN_UNINITIALIZED_AUTOS = YES_AGGRESSIVE;
				GCC_WARN_UNUSED_FUNCTION = YES;
				GCC_WARN_UNUSED_VARIABLE = YES;
				IPHONEOS_DEPLOYMENT_TARGET = 17.4;
				LOCALIZATION_PREFERS_STRING_CATALOGS = YES;
				MTL_ENABLE_DEBUG_INFO = NO;
				MTL_FAST_MATH = YES;
				SDKROOT = iphoneos;
				SWIFT_COMPILATION_MODE = wholemodule;
				VALIDATE_PRODUCT = YES;
			};
			name = Release;
		};
		C3C65D122BC85ABF00B21711 /* Debug */ = {
			isa = XCBuildConfiguration;
			buildSettings = {
				ASSETCATALOG_COMPILER_APPICON_NAME = AppIcon;
				ASSETCATALOG_COMPILER_GLOBAL_ACCENT_COLOR_NAME = AccentColor;
				CODE_SIGN_STYLE = Automatic;
				CURRENT_PROJECT_VERSION = 1;
				DEVELOPMENT_ASSET_PATHS = "\"SplitsVille/Preview Content\"";
				DEVELOPMENT_TEAM = R348B8KBWR;
				ENABLE_PREVIEWS = YES;
				GENERATE_INFOPLIST_FILE = YES;
				INFOPLIST_KEY_CFBundleDisplayName = "SplitsVille!";
				INFOPLIST_KEY_UIApplicationSceneManifest_Generation = YES;
				INFOPLIST_KEY_UIApplicationSupportsIndirectInputEvents = YES;
				INFOPLIST_KEY_UILaunchScreen_Generation = YES;
				INFOPLIST_KEY_UILaunchStoryboardName = "Launch Screen.storyboard";
				INFOPLIST_KEY_UISupportedInterfaceOrientations_iPad = "UIInterfaceOrientationPortrait UIInterfaceOrientationPortraitUpsideDown UIInterfaceOrientationLandscapeLeft UIInterfaceOrientationLandscapeRight";
				INFOPLIST_KEY_UISupportedInterfaceOrientations_iPhone = "UIInterfaceOrientationPortrait UIInterfaceOrientationLandscapeLeft UIInterfaceOrientationLandscapeRight";
				LD_RUNPATH_SEARCH_PATHS = (
					"$(inherited)",
					"@executable_path/Frameworks",
				);
				MARKETING_VERSION = 1.0;
				PRODUCT_BUNDLE_IDENTIFIER = dev.kearls.SplitsVille;
				PRODUCT_NAME = "$(TARGET_NAME)";
				SWIFT_EMIT_LOC_STRINGS = YES;
				SWIFT_VERSION = 5.0;
				TARGETED_DEVICE_FAMILY = "1,2";
			};
			name = Debug;
		};
		C3C65D132BC85ABF00B21711 /* Release */ = {
			isa = XCBuildConfiguration;
			buildSettings = {
				ASSETCATALOG_COMPILER_APPICON_NAME = AppIcon;
				ASSETCATALOG_COMPILER_GLOBAL_ACCENT_COLOR_NAME = AccentColor;
				CODE_SIGN_STYLE = Automatic;
				CURRENT_PROJECT_VERSION = 1;
				DEVELOPMENT_ASSET_PATHS = "\"SplitsVille/Preview Content\"";
				DEVELOPMENT_TEAM = R348B8KBWR;
				ENABLE_PREVIEWS = YES;
				GENERATE_INFOPLIST_FILE = YES;
				INFOPLIST_KEY_CFBundleDisplayName = "SplitsVille!";
				INFOPLIST_KEY_UIApplicationSceneManifest_Generation = YES;
				INFOPLIST_KEY_UIApplicationSupportsIndirectInputEvents = YES;
				INFOPLIST_KEY_UILaunchScreen_Generation = YES;
				INFOPLIST_KEY_UILaunchStoryboardName = "Launch Screen.storyboard";
				INFOPLIST_KEY_UISupportedInterfaceOrientations_iPad = "UIInterfaceOrientationPortrait UIInterfaceOrientationPortraitUpsideDown UIInterfaceOrientationLandscapeLeft UIInterfaceOrientationLandscapeRight";
				INFOPLIST_KEY_UISupportedInterfaceOrientations_iPhone = "UIInterfaceOrientationPortrait UIInterfaceOrientationLandscapeLeft UIInterfaceOrientationLandscapeRight";
				LD_RUNPATH_SEARCH_PATHS = (
					"$(inherited)",
					"@executable_path/Frameworks",
				);
				MARKETING_VERSION = 1.0;
				PRODUCT_BUNDLE_IDENTIFIER = dev.kearls.SplitsVille;
				PRODUCT_NAME = "$(TARGET_NAME)";
				SWIFT_EMIT_LOC_STRINGS = YES;
				SWIFT_VERSION = 5.0;
				TARGETED_DEVICE_FAMILY = "1,2";
			};
			name = Release;
		};
		C3C65D152BC85ABF00B21711 /* Debug */ = {
			isa = XCBuildConfiguration;
			buildSettings = {
				ALWAYS_EMBED_SWIFT_STANDARD_LIBRARIES = YES;
				BUNDLE_LOADER = "$(TEST_HOST)";
				CODE_SIGN_STYLE = Automatic;
				CURRENT_PROJECT_VERSION = 1;
				DEVELOPMENT_TEAM = R348B8KBWR;
				GENERATE_INFOPLIST_FILE = YES;
				IPHONEOS_DEPLOYMENT_TARGET = 17.4;
				MARKETING_VERSION = 1.0;
				PRODUCT_BUNDLE_IDENTIFIER = dev.kearls.SplitsVilleTests;
				PRODUCT_NAME = "$(TARGET_NAME)";
				SWIFT_EMIT_LOC_STRINGS = NO;
				SWIFT_VERSION = 5.0;
				TARGETED_DEVICE_FAMILY = "1,2";
				TEST_HOST = "$(BUILT_PRODUCTS_DIR)/SplitsVille.app/$(BUNDLE_EXECUTABLE_FOLDER_PATH)/SplitsVille";
			};
			name = Debug;
		};
		C3C65D162BC85ABF00B21711 /* Release */ = {
			isa = XCBuildConfiguration;
			buildSettings = {
				ALWAYS_EMBED_SWIFT_STANDARD_LIBRARIES = YES;
				BUNDLE_LOADER = "$(TEST_HOST)";
				CODE_SIGN_STYLE = Automatic;
				CURRENT_PROJECT_VERSION = 1;
				DEVELOPMENT_TEAM = R348B8KBWR;
				GENERATE_INFOPLIST_FILE = YES;
				IPHONEOS_DEPLOYMENT_TARGET = 17.4;
				MARKETING_VERSION = 1.0;
				PRODUCT_BUNDLE_IDENTIFIER = dev.kearls.SplitsVilleTests;
				PRODUCT_NAME = "$(TARGET_NAME)";
				SWIFT_EMIT_LOC_STRINGS = NO;
				SWIFT_VERSION = 5.0;
				TARGETED_DEVICE_FAMILY = "1,2";
				TEST_HOST = "$(BUILT_PRODUCTS_DIR)/SplitsVille.app/$(BUNDLE_EXECUTABLE_FOLDER_PATH)/SplitsVille";
			};
			name = Release;
		};
		C3C65D182BC85ABF00B21711 /* Debug */ = {
			isa = XCBuildConfiguration;
			buildSettings = {
				ALWAYS_EMBED_SWIFT_STANDARD_LIBRARIES = YES;
				CODE_SIGN_STYLE = Automatic;
				CURRENT_PROJECT_VERSION = 1;
				DEVELOPMENT_TEAM = R348B8KBWR;
				GENERATE_INFOPLIST_FILE = YES;
				MARKETING_VERSION = 1.0;
				PRODUCT_BUNDLE_IDENTIFIER = dev.kearls.SplitsVilleUITests;
				PRODUCT_NAME = "$(TARGET_NAME)";
				SWIFT_EMIT_LOC_STRINGS = NO;
				SWIFT_VERSION = 5.0;
				TARGETED_DEVICE_FAMILY = "1,2";
				TEST_TARGET_NAME = SplitsVille;
			};
			name = Debug;
		};
		C3C65D192BC85ABF00B21711 /* Release */ = {
			isa = XCBuildConfiguration;
			buildSettings = {
				ALWAYS_EMBED_SWIFT_STANDARD_LIBRARIES = YES;
				CODE_SIGN_STYLE = Automatic;
				CURRENT_PROJECT_VERSION = 1;
				DEVELOPMENT_TEAM = R348B8KBWR;
				GENERATE_INFOPLIST_FILE = YES;
				MARKETING_VERSION = 1.0;
				PRODUCT_BUNDLE_IDENTIFIER = dev.kearls.SplitsVilleUITests;
				PRODUCT_NAME = "$(TARGET_NAME)";
				SWIFT_EMIT_LOC_STRINGS = NO;
				SWIFT_VERSION = 5.0;
				TARGETED_DEVICE_FAMILY = "1,2";
				TEST_TARGET_NAME = SplitsVille;
			};
			name = Release;
		};
/* End XCBuildConfiguration section */

/* Begin XCConfigurationList section */
		C3C65CE82BC85ABD00B21711 /* Build configuration list for PBXProject "SplitsVille" */ = {
			isa = XCConfigurationList;
			buildConfigurations = (
				C3C65D0F2BC85ABF00B21711 /* Debug */,
				C3C65D102BC85ABF00B21711 /* Release */,
			);
			defaultConfigurationIsVisible = 0;
			defaultConfigurationName = Release;
		};
		C3C65D112BC85ABF00B21711 /* Build configuration list for PBXNativeTarget "SplitsVille" */ = {
			isa = XCConfigurationList;
			buildConfigurations = (
				C3C65D122BC85ABF00B21711 /* Debug */,
				C3C65D132BC85ABF00B21711 /* Release */,
			);
			defaultConfigurationIsVisible = 0;
			defaultConfigurationName = Release;
		};
		C3C65D142BC85ABF00B21711 /* Build configuration list for PBXNativeTarget "SplitsVilleTests" */ = {
			isa = XCConfigurationList;
			buildConfigurations = (
				C3C65D152BC85ABF00B21711 /* Debug */,
				C3C65D162BC85ABF00B21711 /* Release */,
			);
			defaultConfigurationIsVisible = 0;
			defaultConfigurationName = Release;
		};
		C3C65D172BC85ABF00B21711 /* Build configuration list for PBXNativeTarget "SplitsVilleUITests" */ = {
			isa = XCConfigurationList;
			buildConfigurations = (
				C3C65D182BC85ABF00B21711 /* Debug */,
				C3C65D192BC85ABF00B21711 /* Release */,
			);
			defaultConfigurationIsVisible = 0;
			defaultConfigurationName = Release;
		};
/* End XCConfigurationList section */
	};
	rootObject = C3C65CE52BC85ABD00B21711 /* Project object */;
}
